
Microsoft Visual Studio Solution File, Format Version 12.00
# Visual Studio Version 17
VisualStudioVersion = 17.14.36401.2
MinimumVisualStudioVersion = 10.0.40219.1
Project("{2150E333-8FDC-42A3-9474-1A3956D46DE8}") = "src", "src", "{02EA681E-C7D8-13C7-8484-4AC65E1B71E8}"
EndProject
Project("{2150E333-8FDC-42A3-9474-1A3956D46DE8}") = "demos", "demos", "{2CAE55FE-EAC8-4128-A014-923054C668EF}"
EndProject
Project("{FAE04EC0-301F-11D3-BF4B-00C04F79EFBC}") = "BlazorWebAppDemoServer", "demos\BlazorWebAppDemoServer\BlazorWebAppDemoServer.csproj", "{60C1F61B-5D60-3BBA-FBB0-588E45A778D9}"
EndProject
Project("{FAE04EC0-301F-11D3-BF4B-00C04F79EFBC}") = "BlazorDeveloperTools.Pack", "src\BlazorDeveloperTools.Pack\BlazorDeveloperTools.Pack.csproj", "{1F954884-CCAF-C49C-CAAD-1C4164C6A26E}"
EndProject
Project("{FAE04EC0-301F-11D3-BF4B-00C04F79EFBC}") = "BlazorDeveloperTools.Tasks", "src\BlazorDeveloperTools.Tasks\BlazorDeveloperTools.Tasks.csproj", "{86214929-8BF1-885F-555A-09E59DEA3517}"
EndProject
Project("{2150E333-8FDC-42A3-9474-1A3956D46DE8}") = "Solution Items", "Solution Items", "{8EC462FD-D22E-90A8-E5CE-7E832BA40C5D}"
	ProjectSection(SolutionItems) = preProject
		.gitattributes = .gitattributes
		.gitignore = .gitignore
		NuGet.config = NuGet.config
		README.md = README.md
	EndProjectSection
EndProject
Project("{FAE04EC0-301F-11D3-BF4B-00C04F79EFBC}") = "BlazorDevTools.Site.Wasm", "src\BlazorDevTools.Site.Wasm\BlazorDevTools.Site.Wasm.csproj", "{0BAE5FF7-3DF1-B61D-3418-0F1586750CA1}"
EndProject
Global
	GlobalSection(SolutionConfigurationPlatforms) = preSolution
		Debug|Any CPU = Debug|Any CPU
		Release|Any CPU = Release|Any CPU
	EndGlobalSection
	GlobalSection(ProjectConfigurationPlatforms) = postSolution
		{60C1F61B-5D60-3BBA-FBB0-588E45A778D9}.Debug|Any CPU.ActiveCfg = Debug|Any CPU
		{60C1F61B-5D60-3BBA-FBB0-588E45A778D9}.Debug|Any CPU.Build.0 = Debug|Any CPU
		{60C1F61B-5D60-3BBA-FBB0-588E45A778D9}.Release|Any CPU.ActiveCfg = Release|Any CPU
		{60C1F61B-5D60-3BBA-FBB0-588E45A778D9}.Release|Any CPU.Build.0 = Release|Any CPU
		{1F954884-CCAF-C49C-CAAD-1C4164C6A26E}.Debug|Any CPU.ActiveCfg = Debug|Any CPU
		{1F954884-CCAF-C49C-CAAD-1C4164C6A26E}.Debug|Any CPU.Build.0 = Debug|Any CPU
		{1F954884-CCAF-C49C-CAAD-1C4164C6A26E}.Release|Any CPU.ActiveCfg = Release|Any CPU
		{1F954884-CCAF-C49C-CAAD-1C4164C6A26E}.Release|Any CPU.Build.0 = Release|Any CPU
		{86214929-8BF1-885F-555A-09E59DEA3517}.Debug|Any CPU.ActiveCfg = Debug|Any CPU
		{86214929-8BF1-885F-555A-09E59DEA3517}.Debug|Any CPU.Build.0 = Debug|Any CPU
		{86214929-8BF1-885F-555A-09E59DEA3517}.Release|Any CPU.ActiveCfg = Release|Any CPU
		{86214929-8BF1-885F-555A-09E59DEA3517}.Release|Any CPU.Build.0 = Release|Any CPU
		{0BAE5FF7-3DF1-B61D-3418-0F1586750CA1}.Debug|Any CPU.ActiveCfg = Debug|Any CPU
		{0BAE5FF7-3DF1-B61D-3418-0F1586750CA1}.Debug|Any CPU.Build.0 = Debug|Any CPU
		{0BAE5FF7-3DF1-B61D-3418-0F1586750CA1}.Release|Any CPU.ActiveCfg = Release|Any CPU
		{0BAE5FF7-3DF1-B61D-3418-0F1586750CA1}.Release|Any CPU.Build.0 = Release|Any CPU
	EndGlobalSection
	GlobalSection(SolutionProperties) = preSolution
		HideSolutionNode = FALSE
	EndGlobalSection
	GlobalSection(NestedProjects) = preSolution
		{60C1F61B-5D60-3BBA-FBB0-588E45A778D9} = {2CAE55FE-EAC8-4128-A014-923054C668EF}
		{1F954884-CCAF-C49C-CAAD-1C4164C6A26E} = {02EA681E-C7D8-13C7-8484-4AC65E1B71E8}
		{86214929-8BF1-885F-555A-09E59DEA3517} = {02EA681E-C7D8-13C7-8484-4AC65E1B71E8}
		{0BAE5FF7-3DF1-B61D-3418-0F1586750CA1} = {02EA681E-C7D8-13C7-8484-4AC65E1B71E8}
	EndGlobalSection
	GlobalSection(ExtensibilityGlobals) = postSolution
		SolutionGuid = {E258A0A1-35E3-4DC5-AE28-253C2FE9081A}
	EndGlobalSection
EndGlobal
